
Microsoft Visual Studio Solution File, Format Version 12.00
# Visual Studio Version 17
VisualStudioVersion = 17.9.34622.214
MinimumVisualStudioVersion = 10.0.40219.1
Project("{9A19103F-16F7-4668-BE54-9A1E7A4F7556}") = "Blazor.OneClick", "Blazor.OneClick\Blazor.OneClick.csproj", "{86EDDDF7-5016-4102-A4AC-9962CA59EAEE}"
EndProject
Global
	GlobalSection(SolutionConfigurationPlatforms) = preSolution
		Debug|Any CPU = Debug|Any CPU
		Release|Any CPU = Release|Any CPU
	EndGlobalSection
	GlobalSection(ProjectConfigurationPlatforms) = postSolution
		{86EDDDF7-5016-4102-A4AC-9962CA59EAEE}.Debug|Any CPU.ActiveCfg = Debug|Any CPU
		{86EDDDF7-5016-4102-A4AC-9962CA59EAEE}.Debug|Any CPU.Build.0 = Debug|Any CPU
		{86EDDDF7-5016-4102-A4AC-9962CA59EAEE}.Release|Any CPU.ActiveCfg = Release|Any CPU
		{86EDDDF7-5016-4102-A4AC-9962CA59EAEE}.Release|Any CPU.Build.0 = Release|Any CPU
	EndGlobalSection
	GlobalSection(SolutionProperties) = preSolution
		HideSolutionNode = FALSE
	EndGlobalSection
	GlobalSection(ExtensibilityGlobals) = postSolution
		SolutionGuid = {CE50AE4B-8E20-4419-ABC1-6ACB3A3F3650}
	EndGlobalSection
EndGlobal
